// !$*UTF8*$!
{
	archiveVersion = 1;
	classes = {
	};
	objectVersion = 46;
	objects = {

/* Begin PBXBuildFile section */
		38295F7D2111AB4D00DCEF75 /* ActorAndActressCell.m in Sources */ = {isa = PBXBuildFile; fileRef = 38295F7B2111AB4D00DCEF75 /* ActorAndActressCell.m */; };
		38295F7E2111AB4D00DCEF75 /* ActorAndActressCell.xib in Resources */ = {isa = PBXBuildFile; fileRef = 38295F7C2111AB4D00DCEF75 /* ActorAndActressCell.xib */; };
		3886D35C2112AA9300C6D5C0 /* Movie.m in Sources */ = {isa = PBXBuildFile; fileRef = 3886D35B2112AA9300C6D5C0 /* Movie.m */; };
		38F37AC62112D84800F84857 /* Constant.m in Sources */ = {isa = PBXBuildFile; fileRef = 38F37AC52112D84800F84857 /* Constant.m */; };
		38F37AC92112E00000F84857 /* RecruitMoviesFetcherManager.m in Sources */ = {isa = PBXBuildFile; fileRef = 38F37AC82112E00000F84857 /* RecruitMoviesFetcherManager.m */; };
		842155862118A2E3004CDD33 /* SettingsTableViewController.m in Sources */ = {isa = PBXBuildFile; fileRef = 842155852118A2E3004CDD33 /* SettingsTableViewController.m */; };
		8421558A2118B17F004CDD33 /* SearchMovieTableViewController.m in Sources */ = {isa = PBXBuildFile; fileRef = 842155892118B17F004CDD33 /* SearchMovieTableViewController.m */; };
		8422E84721132543000563AB /* FavoritesViewCell.m in Sources */ = {isa = PBXBuildFile; fileRef = 8422E84521132543000563AB /* FavoritesViewCell.m */; };
		8422E84821132543000563AB /* FavoritesViewCell.xib in Resources */ = {isa = PBXBuildFile; fileRef = 8422E84621132543000563AB /* FavoritesViewCell.xib */; };
		8422E84D2113371B000563AB /* Character.m in Sources */ = {isa = PBXBuildFile; fileRef = 8422E84C2113371B000563AB /* Character.m */; };
		844FF2EC211737F700E27636 /* CoreDataHelper.m in Sources */ = {isa = PBXBuildFile; fileRef = 844FF2EB211737F700E27636 /* CoreDataHelper.m */; };
		845F327D21136661000CE523 /* CharacterManager.m in Sources */ = {isa = PBXBuildFile; fileRef = 845F327C21136661000CE523 /* CharacterManager.m */; };
		845F3281211373F4000CE523 /* SlideMenuViewController.m in Sources */ = {isa = PBXBuildFile; fileRef = 845F3280211373F4000CE523 /* SlideMenuViewController.m */; };
		845F328421137450000CE523 /* SWRevealViewControllerViewController.m in Sources */ = {isa = PBXBuildFile; fileRef = 845F328321137450000CE523 /* SWRevealViewControllerViewController.m */; };
		84BF4822211386B00079D71E /* EditProfileViewController.m in Sources */ = {isa = PBXBuildFile; fileRef = 84BF4821211386B00079D71E /* EditProfileViewController.m */; };
		84FAAD7F2110CB5C003656A5 /* SelectedMovieViewController.m in Sources */ = {isa = PBXBuildFile; fileRef = 84FAAD7E2110CB5C003656A5 /* SelectedMovieViewController.m */; };
		93A0D87A2111460500D97399 /* SelectedMovie.m in Sources */ = {isa = PBXBuildFile; fileRef = 93A0D8792111460500D97399 /* SelectedMovie.m */; };
		93A0D87C2111461900D97399 /* SelectedMovie.xib in Resources */ = {isa = PBXBuildFile; fileRef = 93A0D87B2111461900D97399 /* SelectedMovie.xib */; };
		93A1EBA7211011800053726E /* main.m in Sources */ = {isa = PBXBuildFile; fileRef = 93A1EBA6211011800053726E /* main.m */; };
		93A1EBAA211011800053726E /* AppDelegate.m in Sources */ = {isa = PBXBuildFile; fileRef = 93A1EBA9211011800053726E /* AppDelegate.m */; };
		93A1EBB0211011800053726E /* Main.storyboard in Resources */ = {isa = PBXBuildFile; fileRef = 93A1EBAE211011800053726E /* Main.storyboard */; };
		93A1EBB3211011800053726E /* RecruitMovies.xcdatamodeld in Sources */ = {isa = PBXBuildFile; fileRef = 93A1EBB1211011800053726E /* RecruitMovies.xcdatamodeld */; };
		93A1EBB8211011800053726E /* LaunchScreen.storyboard in Resources */ = {isa = PBXBuildFile; fileRef = 93A1EBB6211011800053726E /* LaunchScreen.storyboard */; };
		93A1EBC3211011810053726E /* RecruitMoviesTests.m in Sources */ = {isa = PBXBuildFile; fileRef = 93A1EBC2211011810053726E /* RecruitMoviesTests.m */; };
		93A1EBCE211011810053726E /* RecruitMoviesUITests.m in Sources */ = {isa = PBXBuildFile; fileRef = 93A1EBCD211011810053726E /* RecruitMoviesUITests.m */; };
		93A1EBDD21101F190053726E /* MoviesListViewController.m in Sources */ = {isa = PBXBuildFile; fileRef = 93A1EBDC21101F190053726E /* MoviesListViewController.m */; };
		93A1EBE021101F4C0053726E /* FavoriteMoviesViewController.m in Sources */ = {isa = PBXBuildFile; fileRef = 93A1EBDF21101F4C0053726E /* FavoriteMoviesViewController.m */; };
		93A1EBE621101F760053726E /* AboutViewController.m in Sources */ = {isa = PBXBuildFile; fileRef = 93A1EBE521101F760053726E /* AboutViewController.m */; };
		93A1EBED21101FF40053726E /* MovieViewCell.m in Sources */ = {isa = PBXBuildFile; fileRef = 93A1EBEB21101FF40053726E /* MovieViewCell.m */; };
		93A1EBEE21101FF40053726E /* MovieViewCell.xib in Resources */ = {isa = PBXBuildFile; fileRef = 93A1EBEC21101FF40053726E /* MovieViewCell.xib */; };
		93A1EBF22110201B0053726E /* MovieCollectionViewCell.m in Sources */ = {isa = PBXBuildFile; fileRef = 93A1EBF02110201B0053726E /* MovieCollectionViewCell.m */; };
		93A1EBF32110201B0053726E /* MovieCollectionViewCell.xib in Resources */ = {isa = PBXBuildFile; fileRef = 93A1EBF12110201B0053726E /* MovieCollectionViewCell.xib */; };
		93FD3B0721103B96005B4A03 /* Assets.xcassets in Resources */ = {isa = PBXBuildFile; fileRef = 93FD3B0621103B96005B4A03 /* Assets.xcassets */; };
		C1E682783377EA81E6CCB961 /* libPods-RecruitMoviesUITests.a in Frameworks */ = {isa = PBXBuildFile; fileRef = 3B69A641DCD06B5E07A7E154 /* libPods-RecruitMoviesUITests.a */; };
		D5ED66E635AC9075D5522989 /* libPods-RecruitMoviesTests.a in Frameworks */ = {isa = PBXBuildFile; fileRef = DDBBAD218582F1C000EF16BF /* libPods-RecruitMoviesTests.a */; };
		E9E5192C851CE53519EB91DD /* libPods-RecruitMovies.a in Frameworks */ = {isa = PBXBuildFile; fileRef = 04D19F5676BB5F473F45D7E4 /* libPods-RecruitMovies.a */; };
/* End PBXBuildFile section */

/* Begin PBXContainerItemProxy section */
		93A1EBBF211011800053726E /* PBXContainerItemProxy */ = {
			isa = PBXContainerItemProxy;
			containerPortal = 93A1EB9A211011800053726E /* Project object */;
			proxyType = 1;
			remoteGlobalIDString = 93A1EBA1211011800053726E;
			remoteInfo = RecruitMovies;
		};
		93A1EBCA211011810053726E /* PBXContainerItemProxy */ = {
			isa = PBXContainerItemProxy;
			containerPortal = 93A1EB9A211011800053726E /* Project object */;
			proxyType = 1;
			remoteGlobalIDString = 93A1EBA1211011800053726E;
			remoteInfo = RecruitMovies;
		};
/* End PBXContainerItemProxy section */

/* Begin PBXFileReference section */
		04D19F5676BB5F473F45D7E4 /* libPods-RecruitMovies.a */ = {isa = PBXFileReference; explicitFileType = archive.ar; includeInIndex = 0; path = "libPods-RecruitMovies.a"; sourceTree = BUILT_PRODUCTS_DIR; };
		38295F7A2111AB4D00DCEF75 /* ActorAndActressCell.h */ = {isa = PBXFileReference; lastKnownFileType = sourcecode.c.h; path = ActorAndActressCell.h; sourceTree = "<group>"; };
		38295F7B2111AB4D00DCEF75 /* ActorAndActressCell.m */ = {isa = PBXFileReference; lastKnownFileType = sourcecode.c.objc; path = ActorAndActressCell.m; sourceTree = "<group>"; };
		38295F7C2111AB4D00DCEF75 /* ActorAndActressCell.xib */ = {isa = PBXFileReference; lastKnownFileType = file.xib; path = ActorAndActressCell.xib; sourceTree = "<group>"; };
		3886D35A2112AA9300C6D5C0 /* Movie.h */ = {isa = PBXFileReference; lastKnownFileType = sourcecode.c.h; path = Movie.h; sourceTree = "<group>"; };
		3886D35B2112AA9300C6D5C0 /* Movie.m */ = {isa = PBXFileReference; lastKnownFileType = sourcecode.c.objc; path = Movie.m; sourceTree = "<group>"; };
		38F37AC42112D84800F84857 /* Constant.h */ = {isa = PBXFileReference; lastKnownFileType = sourcecode.c.h; path = Constant.h; sourceTree = "<group>"; };
		38F37AC52112D84800F84857 /* Constant.m */ = {isa = PBXFileReference; lastKnownFileType = sourcecode.c.objc; path = Constant.m; sourceTree = "<group>"; };
		38F37AC72112E00000F84857 /* RecruitMoviesFetcherManager.h */ = {isa = PBXFileReference; lastKnownFileType = sourcecode.c.h; path = RecruitMoviesFetcherManager.h; sourceTree = "<group>"; };
		38F37AC82112E00000F84857 /* RecruitMoviesFetcherManager.m */ = {isa = PBXFileReference; lastKnownFileType = sourcecode.c.objc; path = RecruitMoviesFetcherManager.m; sourceTree = "<group>"; };
		3B69A641DCD06B5E07A7E154 /* libPods-RecruitMoviesUITests.a */ = {isa = PBXFileReference; explicitFileType = archive.ar; includeInIndex = 0; path = "libPods-RecruitMoviesUITests.a"; sourceTree = BUILT_PRODUCTS_DIR; };
		7754CFA883388B78AAE42D30 /* Pods-RecruitMovies.debug.xcconfig */ = {isa = PBXFileReference; includeInIndex = 1; lastKnownFileType = text.xcconfig; name = "Pods-RecruitMovies.debug.xcconfig"; path = "Pods/Target Support Files/Pods-RecruitMovies/Pods-RecruitMovies.debug.xcconfig"; sourceTree = "<group>"; };
		783D7B9FE947F2090C658F8D /* Pods-RecruitMoviesUITests.debug.xcconfig */ = {isa = PBXFileReference; includeInIndex = 1; lastKnownFileType = text.xcconfig; name = "Pods-RecruitMoviesUITests.debug.xcconfig"; path = "Pods/Target Support Files/Pods-RecruitMoviesUITests/Pods-RecruitMoviesUITests.debug.xcconfig"; sourceTree = "<group>"; };
		842155842118A2E3004CDD33 /* SettingsTableViewController.h */ = {isa = PBXFileReference; lastKnownFileType = sourcecode.c.h; path = SettingsTableViewController.h; sourceTree = "<group>"; };
		842155852118A2E3004CDD33 /* SettingsTableViewController.m */ = {isa = PBXFileReference; lastKnownFileType = sourcecode.c.objc; path = SettingsTableViewController.m; sourceTree = "<group>"; };
		842155882118B17F004CDD33 /* SearchMovieTableViewController.h */ = {isa = PBXFileReference; lastKnownFileType = sourcecode.c.h; path = SearchMovieTableViewController.h; sourceTree = "<group>"; };
		842155892118B17F004CDD33 /* SearchMovieTableViewController.m */ = {isa = PBXFileReference; lastKnownFileType = sourcecode.c.objc; path = SearchMovieTableViewController.m; sourceTree = "<group>"; };
		8422E84421132543000563AB /* FavoritesViewCell.h */ = {isa = PBXFileReference; lastKnownFileType = sourcecode.c.h; path = FavoritesViewCell.h; sourceTree = "<group>"; };
		8422E84521132543000563AB /* FavoritesViewCell.m */ = {isa = PBXFileReference; lastKnownFileType = sourcecode.c.objc; path = FavoritesViewCell.m; sourceTree = "<group>"; };
		8422E84621132543000563AB /* FavoritesViewCell.xib */ = {isa = PBXFileReference; lastKnownFileType = file.xib; path = FavoritesViewCell.xib; sourceTree = "<group>"; };
		8422E84B2113371B000563AB /* Character.h */ = {isa = PBXFileReference; lastKnownFileType = sourcecode.c.h; path = Character.h; sourceTree = "<group>"; };
		8422E84C2113371B000563AB /* Character.m */ = {isa = PBXFileReference; lastKnownFileType = sourcecode.c.objc; path = Character.m; sourceTree = "<group>"; };
		844FF2EA211737F700E27636 /* CoreDataHelper.h */ = {isa = PBXFileReference; lastKnownFileType = sourcecode.c.h; path = CoreDataHelper.h; sourceTree = "<group>"; };
		844FF2EB211737F700E27636 /* CoreDataHelper.m */ = {isa = PBXFileReference; lastKnownFileType = sourcecode.c.objc; path = CoreDataHelper.m; sourceTree = "<group>"; };
		845F327B21136661000CE523 /* CharacterManager.h */ = {isa = PBXFileReference; lastKnownFileType = sourcecode.c.h; path = CharacterManager.h; sourceTree = "<group>"; };
		845F327C21136661000CE523 /* CharacterManager.m */ = {isa = PBXFileReference; lastKnownFileType = sourcecode.c.objc; path = CharacterManager.m; sourceTree = "<group>"; };
		845F327F211373F4000CE523 /* SlideMenuViewController.h */ = {isa = PBXFileReference; lastKnownFileType = sourcecode.c.h; path = SlideMenuViewController.h; sourceTree = "<group>"; };
		845F3280211373F4000CE523 /* SlideMenuViewController.m */ = {isa = PBXFileReference; lastKnownFileType = sourcecode.c.objc; path = SlideMenuViewController.m; sourceTree = "<group>"; };
		845F328221137450000CE523 /* SWRevealViewControllerViewController.h */ = {isa = PBXFileReference; lastKnownFileType = sourcecode.c.h; path = SWRevealViewControllerViewController.h; sourceTree = "<group>"; };
		845F328321137450000CE523 /* SWRevealViewControllerViewController.m */ = {isa = PBXFileReference; lastKnownFileType = sourcecode.c.objc; path = SWRevealViewControllerViewController.m; sourceTree = "<group>"; };
		84BF4820211386B00079D71E /* EditProfileViewController.h */ = {isa = PBXFileReference; lastKnownFileType = sourcecode.c.h; path = EditProfileViewController.h; sourceTree = "<group>"; };
		84BF4821211386B00079D71E /* EditProfileViewController.m */ = {isa = PBXFileReference; lastKnownFileType = sourcecode.c.objc; path = EditProfileViewController.m; sourceTree = "<group>"; };
		84FAAD7D2110CB5C003656A5 /* SelectedMovieViewController.h */ = {isa = PBXFileReference; lastKnownFileType = sourcecode.c.h; path = SelectedMovieViewController.h; sourceTree = "<group>"; };
		84FAAD7E2110CB5C003656A5 /* SelectedMovieViewController.m */ = {isa = PBXFileReference; lastKnownFileType = sourcecode.c.objc; path = SelectedMovieViewController.m; sourceTree = "<group>"; };
		8D6DDD89A2246508923C9C3D /* Pods-RecruitMovies.release.xcconfig */ = {isa = PBXFileReference; includeInIndex = 1; lastKnownFileType = text.xcconfig; name = "Pods-RecruitMovies.release.xcconfig"; path = "Pods/Target Support Files/Pods-RecruitMovies/Pods-RecruitMovies.release.xcconfig"; sourceTree = "<group>"; };
		93A0D8782111460500D97399 /* SelectedMovie.h */ = {isa = PBXFileReference; fileEncoding = 4; lastKnownFileType = sourcecode.c.h; path = SelectedMovie.h; sourceTree = "<group>"; };
		93A0D8792111460500D97399 /* SelectedMovie.m */ = {isa = PBXFileReference; fileEncoding = 4; lastKnownFileType = sourcecode.c.objc; path = SelectedMovie.m; sourceTree = "<group>"; };
		93A0D87B2111461900D97399 /* SelectedMovie.xib */ = {isa = PBXFileReference; fileEncoding = 4; lastKnownFileType = file.xib; path = SelectedMovie.xib; sourceTree = "<group>"; };
		93A1EBA2211011800053726E /* RecruitMovies.app */ = {isa = PBXFileReference; explicitFileType = wrapper.application; includeInIndex = 0; path = RecruitMovies.app; sourceTree = BUILT_PRODUCTS_DIR; };
		93A1EBA6211011800053726E /* main.m */ = {isa = PBXFileReference; lastKnownFileType = sourcecode.c.objc; path = main.m; sourceTree = "<group>"; };
		93A1EBA8211011800053726E /* AppDelegate.h */ = {isa = PBXFileReference; lastKnownFileType = sourcecode.c.h; path = AppDelegate.h; sourceTree = "<group>"; };
		93A1EBA9211011800053726E /* AppDelegate.m */ = {isa = PBXFileReference; lastKnownFileType = sourcecode.c.objc; path = AppDelegate.m; sourceTree = "<group>"; };
		93A1EBAF211011800053726E /* Base */ = {isa = PBXFileReference; lastKnownFileType = file.storyboard; name = Base; path = Base.lproj/Main.storyboard; sourceTree = "<group>"; };
		93A1EBB2211011800053726E /* RecruitMovies.xcdatamodel */ = {isa = PBXFileReference; lastKnownFileType = wrapper.xcdatamodel; path = RecruitMovies.xcdatamodel; sourceTree = "<group>"; };
		93A1EBB7211011800053726E /* Base */ = {isa = PBXFileReference; lastKnownFileType = file.storyboard; name = Base; path = Base.lproj/LaunchScreen.storyboard; sourceTree = "<group>"; };
		93A1EBB9211011800053726E /* Info.plist */ = {isa = PBXFileReference; lastKnownFileType = text.plist.xml; path = Info.plist; sourceTree = "<group>"; };
		93A1EBBE211011800053726E /* RecruitMoviesTests.xctest */ = {isa = PBXFileReference; explicitFileType = wrapper.cfbundle; includeInIndex = 0; path = RecruitMoviesTests.xctest; sourceTree = BUILT_PRODUCTS_DIR; };
		93A1EBC2211011810053726E /* RecruitMoviesTests.m */ = {isa = PBXFileReference; lastKnownFileType = sourcecode.c.objc; path = RecruitMoviesTests.m; sourceTree = "<group>"; };
		93A1EBC4211011810053726E /* Info.plist */ = {isa = PBXFileReference; lastKnownFileType = text.plist.xml; path = Info.plist; sourceTree = "<group>"; };
		93A1EBC9211011810053726E /* RecruitMoviesUITests.xctest */ = {isa = PBXFileReference; explicitFileType = wrapper.cfbundle; includeInIndex = 0; path = RecruitMoviesUITests.xctest; sourceTree = BUILT_PRODUCTS_DIR; };
		93A1EBCD211011810053726E /* RecruitMoviesUITests.m */ = {isa = PBXFileReference; lastKnownFileType = sourcecode.c.objc; path = RecruitMoviesUITests.m; sourceTree = "<group>"; };
		93A1EBCF211011810053726E /* Info.plist */ = {isa = PBXFileReference; lastKnownFileType = text.plist.xml; path = Info.plist; sourceTree = "<group>"; };
		93A1EBDB21101F190053726E /* MoviesListViewController.h */ = {isa = PBXFileReference; fileEncoding = 4; lastKnownFileType = sourcecode.c.h; path = MoviesListViewController.h; sourceTree = "<group>"; };
		93A1EBDC21101F190053726E /* MoviesListViewController.m */ = {isa = PBXFileReference; fileEncoding = 4; lastKnownFileType = sourcecode.c.objc; path = MoviesListViewController.m; sourceTree = "<group>"; };
		93A1EBDE21101F4C0053726E /* FavoriteMoviesViewController.h */ = {isa = PBXFileReference; fileEncoding = 4; lastKnownFileType = sourcecode.c.h; path = FavoriteMoviesViewController.h; sourceTree = "<group>"; };
		93A1EBDF21101F4C0053726E /* FavoriteMoviesViewController.m */ = {isa = PBXFileReference; fileEncoding = 4; lastKnownFileType = sourcecode.c.objc; path = FavoriteMoviesViewController.m; sourceTree = "<group>"; };
		93A1EBE421101F760053726E /* AboutViewController.h */ = {isa = PBXFileReference; fileEncoding = 4; lastKnownFileType = sourcecode.c.h; path = AboutViewController.h; sourceTree = "<group>"; };
		93A1EBE521101F760053726E /* AboutViewController.m */ = {isa = PBXFileReference; fileEncoding = 4; lastKnownFileType = sourcecode.c.objc; path = AboutViewController.m; sourceTree = "<group>"; };
		93A1EBEA21101FF40053726E /* MovieViewCell.h */ = {isa = PBXFileReference; fileEncoding = 4; lastKnownFileType = sourcecode.c.h; path = MovieViewCell.h; sourceTree = "<group>"; };
		93A1EBEB21101FF40053726E /* MovieViewCell.m */ = {isa = PBXFileReference; fileEncoding = 4; lastKnownFileType = sourcecode.c.objc; path = MovieViewCell.m; sourceTree = "<group>"; };
		93A1EBEC21101FF40053726E /* MovieViewCell.xib */ = {isa = PBXFileReference; fileEncoding = 4; lastKnownFileType = file.xib; path = MovieViewCell.xib; sourceTree = "<group>"; };
		93A1EBEF2110201B0053726E /* MovieCollectionViewCell.h */ = {isa = PBXFileReference; fileEncoding = 4; lastKnownFileType = sourcecode.c.h; path = MovieCollectionViewCell.h; sourceTree = "<group>"; };
		93A1EBF02110201B0053726E /* MovieCollectionViewCell.m */ = {isa = PBXFileReference; fileEncoding = 4; lastKnownFileType = sourcecode.c.objc; path = MovieCollectionViewCell.m; sourceTree = "<group>"; };
		93A1EBF12110201B0053726E /* MovieCollectionViewCell.xib */ = {isa = PBXFileReference; fileEncoding = 4; lastKnownFileType = file.xib; path = MovieCollectionViewCell.xib; sourceTree = "<group>"; };
		93FD3B0621103B96005B4A03 /* Assets.xcassets */ = {isa = PBXFileReference; lastKnownFileType = folder.assetcatalog; path = Assets.xcassets; sourceTree = "<group>"; };
		ACED5F67B5B48F59435DC72F /* Pods-RecruitMoviesUITests.release.xcconfig */ = {isa = PBXFileReference; includeInIndex = 1; lastKnownFileType = text.xcconfig; name = "Pods-RecruitMoviesUITests.release.xcconfig"; path = "Pods/Target Support Files/Pods-RecruitMoviesUITests/Pods-RecruitMoviesUITests.release.xcconfig"; sourceTree = "<group>"; };
		C9748C2DF18967E0AA42FB6F /* Pods-RecruitMoviesTests.release.xcconfig */ = {isa = PBXFileReference; includeInIndex = 1; lastKnownFileType = text.xcconfig; name = "Pods-RecruitMoviesTests.release.xcconfig"; path = "Pods/Target Support Files/Pods-RecruitMoviesTests/Pods-RecruitMoviesTests.release.xcconfig"; sourceTree = "<group>"; };
		D55A602E1AB246BA75EAED2E /* Pods-RecruitMoviesTests.debug.xcconfig */ = {isa = PBXFileReference; includeInIndex = 1; lastKnownFileType = text.xcconfig; name = "Pods-RecruitMoviesTests.debug.xcconfig"; path = "Pods/Target Support Files/Pods-RecruitMoviesTests/Pods-RecruitMoviesTests.debug.xcconfig"; sourceTree = "<group>"; };
		DDBBAD218582F1C000EF16BF /* libPods-RecruitMoviesTests.a */ = {isa = PBXFileReference; explicitFileType = archive.ar; includeInIndex = 0; path = "libPods-RecruitMoviesTests.a"; sourceTree = BUILT_PRODUCTS_DIR; };
/* End PBXFileReference section */

/* Begin PBXFrameworksBuildPhase section */
		93A1EB9F211011800053726E /* Frameworks */ = {
			isa = PBXFrameworksBuildPhase;
			buildActionMask = 2147483647;
			files = (
				E9E5192C851CE53519EB91DD /* libPods-RecruitMovies.a in Frameworks */,
			);
			runOnlyForDeploymentPostprocessing = 0;
		};
		93A1EBBB211011800053726E /* Frameworks */ = {
			isa = PBXFrameworksBuildPhase;
			buildActionMask = 2147483647;
			files = (
				D5ED66E635AC9075D5522989 /* libPods-RecruitMoviesTests.a in Frameworks */,
			);
			runOnlyForDeploymentPostprocessing = 0;
		};
		93A1EBC6211011810053726E /* Frameworks */ = {
			isa = PBXFrameworksBuildPhase;
			buildActionMask = 2147483647;
			files = (
				C1E682783377EA81E6CCB961 /* libPods-RecruitMoviesUITests.a in Frameworks */,
			);
			runOnlyForDeploymentPostprocessing = 0;
		};
/* End PBXFrameworksBuildPhase section */

/* Begin PBXGroup section */
		38DA829821129AFC0055B1B5 /* About */ = {
			isa = PBXGroup;
			children = (
				93A1EBE521101F760053726E /* AboutViewController.m */,
				93A1EBE421101F760053726E /* AboutViewController.h */,
			);
			name = About;
			sourceTree = "<group>";
		};
		38F37AD92112F46300F84857 /* MovieCell */ = {
			isa = PBXGroup;
			children = (
				93A1EBEC21101FF40053726E /* MovieViewCell.xib */,
				93A1EBEA21101FF40053726E /* MovieViewCell.h */,
				93A1EBEB21101FF40053726E /* MovieViewCell.m */,
			);
			name = MovieCell;
			sourceTree = "<group>";
		};
		38F37ADA2112F47500F84857 /* MovieCollecCell */ = {
			isa = PBXGroup;
			children = (
				93A1EBF02110201B0053726E /* MovieCollectionViewCell.m */,
				93A1EBEF2110201B0053726E /* MovieCollectionViewCell.h */,
				93A1EBF12110201B0053726E /* MovieCollectionViewCell.xib */,
			);
			name = MovieCollecCell;
			sourceTree = "<group>";
		};
		38F37ADB2112F49100F84857 /* SelectedMovieCell */ = {
			isa = PBXGroup;
			children = (
				93A0D8782111460500D97399 /* SelectedMovie.h */,
				93A0D87B2111461900D97399 /* SelectedMovie.xib */,
				93A0D8792111460500D97399 /* SelectedMovie.m */,
			);
			name = SelectedMovieCell;
			sourceTree = "<group>";
		};
		38F37ADC2112F4AA00F84857 /* Actor&ActressCell */ = {
			isa = PBXGroup;
			children = (
				38295F7C2111AB4D00DCEF75 /* ActorAndActressCell.xib */,
				38295F7A2111AB4D00DCEF75 /* ActorAndActressCell.h */,
				38295F7B2111AB4D00DCEF75 /* ActorAndActressCell.m */,
			);
			name = "Actor&ActressCell";
			sourceTree = "<group>";
		};
		38F37AE02112F51800F84857 /* Movie */ = {
			isa = PBXGroup;
			children = (
				3886D35B2112AA9300C6D5C0 /* Movie.m */,
				3886D35A2112AA9300C6D5C0 /* Movie.h */,
			);
			name = Movie;
			sourceTree = "<group>";
		};
		38F37AE12112F52100F84857 /* ConstantURL */ = {
			isa = PBXGroup;
			children = (
				38F37AC52112D84800F84857 /* Constant.m */,
				38F37AC42112D84800F84857 /* Constant.h */,
			);
			name = ConstantURL;
			sourceTree = "<group>";
		};
		38F37AE22112F53100F84857 /* GetDataMovie */ = {
			isa = PBXGroup;
			children = (
				38F37AC72112E00000F84857 /* RecruitMoviesFetcherManager.h */,
				38F37AC82112E00000F84857 /* RecruitMoviesFetcherManager.m */,
			);
			name = GetDataMovie;
			sourceTree = "<group>";
		};
		38F37AE32112FCE900F84857 /* Setting */ = {
			isa = PBXGroup;
			children = (
				842155842118A2E3004CDD33 /* SettingsTableViewController.h */,
				842155852118A2E3004CDD33 /* SettingsTableViewController.m */,
			);
			name = Setting;
			sourceTree = "<group>";
		};
		38F37AE42112FCF900F84857 /* Favorite */ = {
			isa = PBXGroup;
			children = (
				93A1EBDF21101F4C0053726E /* FavoriteMoviesViewController.m */,
				93A1EBDE21101F4C0053726E /* FavoriteMoviesViewController.h */,
			);
			name = Favorite;
			sourceTree = "<group>";
		};
		38F37AE52112FD0400F84857 /* ListMovie */ = {
			isa = PBXGroup;
			children = (
				93A1EBDC21101F190053726E /* MoviesListViewController.m */,
				93A1EBDB21101F190053726E /* MoviesListViewController.h */,
			);
			name = ListMovie;
			sourceTree = "<group>";
		};
		38F37AE62112FD1500F84857 /* ShowMovie */ = {
			isa = PBXGroup;
			children = (
				84FAAD7E2110CB5C003656A5 /* SelectedMovieViewController.m */,
				84FAAD7D2110CB5C003656A5 /* SelectedMovieViewController.h */,
			);
			name = ShowMovie;
			sourceTree = "<group>";
		};
		624816AD2C16ED92E7545FD1 /* Frameworks */ = {
			isa = PBXGroup;
			children = (
				04D19F5676BB5F473F45D7E4 /* libPods-RecruitMovies.a */,
				DDBBAD218582F1C000EF16BF /* libPods-RecruitMoviesTests.a */,
				3B69A641DCD06B5E07A7E154 /* libPods-RecruitMoviesUITests.a */,
			);
			name = Frameworks;
			sourceTree = "<group>";
		};
		842155872118B154004CDD33 /* ShowSearchFilms */ = {
			isa = PBXGroup;
			children = (
				842155882118B17F004CDD33 /* SearchMovieTableViewController.h */,
				842155892118B17F004CDD33 /* SearchMovieTableViewController.m */,
			);
			name = ShowSearchFilms;
			sourceTree = "<group>";
		};
		8422E84921132547000563AB /* FavoritesCell */ = {
			isa = PBXGroup;
			children = (
				8422E84621132543000563AB /* FavoritesViewCell.xib */,
				8422E84521132543000563AB /* FavoritesViewCell.m */,
				8422E84421132543000563AB /* FavoritesViewCell.h */,
			);
			name = FavoritesCell;
			sourceTree = "<group>";
		};
		8422E84A211336EF000563AB /* Character */ = {
			isa = PBXGroup;
			children = (
				8422E84B2113371B000563AB /* Character.h */,
				8422E84C2113371B000563AB /* Character.m */,
			);
			name = Character;
			sourceTree = "<group>";
		};
		844FE4FA2117C8AF0068F4FF /* CoreData */ = {
			isa = PBXGroup;
			children = (
				844FF2EB211737F700E27636 /* CoreDataHelper.m */,
				844FF2EA211737F700E27636 /* CoreDataHelper.h */,
				93A1EBB1211011800053726E /* RecruitMovies.xcdatamodeld */,
			);
			name = CoreData;
			sourceTree = "<group>";
		};
		845F327A211365A7000CE523 /* GetDataCharacter */ = {
			isa = PBXGroup;
			children = (
				845F327B21136661000CE523 /* CharacterManager.h */,
				845F327C21136661000CE523 /* CharacterManager.m */,
			);
			name = GetDataCharacter;
			sourceTree = "<group>";
		};
		845F327E211373D6000CE523 /* SlideMenu */ = {
			isa = PBXGroup;
			children = (
				845F328221137450000CE523 /* SWRevealViewControllerViewController.h */,
				845F328321137450000CE523 /* SWRevealViewControllerViewController.m */,
				845F327F211373F4000CE523 /* SlideMenuViewController.h */,
				845F3280211373F4000CE523 /* SlideMenuViewController.m */,
				84BF4820211386B00079D71E /* EditProfileViewController.h */,
				84BF4821211386B00079D71E /* EditProfileViewController.m */,
			);
			name = SlideMenu;
			sourceTree = "<group>";
		};
		93A1EB99211011800053726E = {
			isa = PBXGroup;
			children = (
				93A1EBA4211011800053726E /* RecruitMovies */,
				93A1EBA5211011800053726E /* Supporting Files */,
				93A1EBA3211011800053726E /* Products */,
				93A1EBC1211011800053726E /* RecruitMoviesTests */,
				93A1EBCC211011810053726E /* RecruitMoviesUITests */,
				F578FF5BAECF594CFA5653BE /* Pods */,
				624816AD2C16ED92E7545FD1 /* Frameworks */,
			);
			sourceTree = "<group>";
		};
		93A1EBA3211011800053726E /* Products */ = {
			isa = PBXGroup;
			children = (
				93A1EBA2211011800053726E /* RecruitMovies.app */,
				93A1EBBE211011800053726E /* RecruitMoviesTests.xctest */,
				93A1EBC9211011810053726E /* RecruitMoviesUITests.xctest */,
			);
			name = Products;
			sourceTree = "<group>";
		};
		93A1EBA4211011800053726E /* RecruitMovies */ = {
			isa = PBXGroup;
			children = (
				93A1EBA8211011800053726E /* AppDelegate.h */,
				93A1EBA9211011800053726E /* AppDelegate.m */,
				93A1EBAE211011800053726E /* Main.storyboard */,
				38F37AE12112F52100F84857 /* ConstantURL */,
				93A1EBE921101FA80053726E /* Model */,
				93A1EBE821101FA10053726E /* View */,
				93A1EBE721101F990053726E /* Controller */,
			);
			path = RecruitMovies;
			sourceTree = "<group>";
		};
		93A1EBA5211011800053726E /* Supporting Files */ = {
			isa = PBXGroup;
			children = (
				93A1EBB6211011800053726E /* LaunchScreen.storyboard */,
				93A1EBB9211011800053726E /* Info.plist */,
				93FD3B0621103B96005B4A03 /* Assets.xcassets */,
				93A1EBA6211011800053726E /* main.m */,
			);
			name = "Supporting Files";
			path = RecruitMovies;
			sourceTree = "<group>";
		};
		93A1EBC1211011800053726E /* RecruitMoviesTests */ = {
			isa = PBXGroup;
			children = (
				93A1EBC2211011810053726E /* RecruitMoviesTests.m */,
				93A1EBC4211011810053726E /* Info.plist */,
			);
			path = RecruitMoviesTests;
			sourceTree = "<group>";
		};
		93A1EBCC211011810053726E /* RecruitMoviesUITests */ = {
			isa = PBXGroup;
			children = (
				93A1EBCD211011810053726E /* RecruitMoviesUITests.m */,
				93A1EBCF211011810053726E /* Info.plist */,
			);
			path = RecruitMoviesUITests;
			sourceTree = "<group>";
		};
		93A1EBE721101F990053726E /* Controller */ = {
			isa = PBXGroup;
			children = (
				38F37AE52112FD0400F84857 /* ListMovie */,
				38F37AE62112FD1500F84857 /* ShowMovie */,
				842155872118B154004CDD33 /* ShowSearchFilms */,
				38F37AE42112FCF900F84857 /* Favorite */,
				38F37AE32112FCE900F84857 /* Setting */,
				845F327E211373D6000CE523 /* SlideMenu */,
				38DA829821129AFC0055B1B5 /* About */,
			);
			name = Controller;
			sourceTree = "<group>";
		};
		93A1EBE821101FA10053726E /* View */ = {
			isa = PBXGroup;
			children = (
				38F37AD92112F46300F84857 /* MovieCell */,
				8422E84921132547000563AB /* FavoritesCell */,
				38F37ADA2112F47500F84857 /* MovieCollecCell */,
				38F37ADB2112F49100F84857 /* SelectedMovieCell */,
				38F37ADC2112F4AA00F84857 /* Actor&ActressCell */,
			);
			name = View;
			sourceTree = "<group>";
		};
		93A1EBE921101FA80053726E /* Model */ = {
			isa = PBXGroup;
			children = (
				844FE4FA2117C8AF0068F4FF /* CoreData */,
				38F37AE22112F53100F84857 /* GetDataMovie */,
				38F37AE02112F51800F84857 /* Movie */,
				845F327A211365A7000CE523 /* GetDataCharacter */,
				8422E84A211336EF000563AB /* Character */,
			);
			name = Model;
			sourceTree = "<group>";
		};
		F578FF5BAECF594CFA5653BE /* Pods */ = {
			isa = PBXGroup;
			children = (
				7754CFA883388B78AAE42D30 /* Pods-RecruitMovies.debug.xcconfig */,
				8D6DDD89A2246508923C9C3D /* Pods-RecruitMovies.release.xcconfig */,
				D55A602E1AB246BA75EAED2E /* Pods-RecruitMoviesTests.debug.xcconfig */,
				C9748C2DF18967E0AA42FB6F /* Pods-RecruitMoviesTests.release.xcconfig */,
				783D7B9FE947F2090C658F8D /* Pods-RecruitMoviesUITests.debug.xcconfig */,
				ACED5F67B5B48F59435DC72F /* Pods-RecruitMoviesUITests.release.xcconfig */,
			);
			name = Pods;
			sourceTree = "<group>";
		};
/* End PBXGroup section */

/* Begin PBXNativeTarget section */
		93A1EBA1211011800053726E /* RecruitMovies */ = {
			isa = PBXNativeTarget;
			buildConfigurationList = 93A1EBD2211011810053726E /* Build configuration list for PBXNativeTarget "RecruitMovies" */;
			buildPhases = (
				5E99FA3F4BF04AF7599CC982 /* [CP] Check Pods Manifest.lock */,
				93A1EB9E211011800053726E /* Sources */,
				93A1EB9F211011800053726E /* Frameworks */,
				93A1EBA0211011800053726E /* Resources */,
			);
			buildRules = (
			);
			dependencies = (
			);
			name = RecruitMovies;
			productName = RecruitMovies;
			productReference = 93A1EBA2211011800053726E /* RecruitMovies.app */;
			productType = "com.apple.product-type.application";
		};
		93A1EBBD211011800053726E /* RecruitMoviesTests */ = {
			isa = PBXNativeTarget;
			buildConfigurationList = 93A1EBD5211011810053726E /* Build configuration list for PBXNativeTarget "RecruitMoviesTests" */;
			buildPhases = (
				743BF4CDFCFCE827EA469D4D /* [CP] Check Pods Manifest.lock */,
				93A1EBBA211011800053726E /* Sources */,
				93A1EBBB211011800053726E /* Frameworks */,
				93A1EBBC211011800053726E /* Resources */,
			);
			buildRules = (
			);
			dependencies = (
				93A1EBC0211011800053726E /* PBXTargetDependency */,
			);
			name = RecruitMoviesTests;
			productName = RecruitMoviesTests;
			productReference = 93A1EBBE211011800053726E /* RecruitMoviesTests.xctest */;
			productType = "com.apple.product-type.bundle.unit-test";
		};
		93A1EBC8211011810053726E /* RecruitMoviesUITests */ = {
			isa = PBXNativeTarget;
			buildConfigurationList = 93A1EBD8211011810053726E /* Build configuration list for PBXNativeTarget "RecruitMoviesUITests" */;
			buildPhases = (
				405CE52F9BA873C34FFD8360 /* [CP] Check Pods Manifest.lock */,
				93A1EBC5211011810053726E /* Sources */,
				93A1EBC6211011810053726E /* Frameworks */,
				93A1EBC7211011810053726E /* Resources */,
			);
			buildRules = (
			);
			dependencies = (
				93A1EBCB211011810053726E /* PBXTargetDependency */,
			);
			name = RecruitMoviesUITests;
			productName = RecruitMoviesUITests;
			productReference = 93A1EBC9211011810053726E /* RecruitMoviesUITests.xctest */;
			productType = "com.apple.product-type.bundle.ui-testing";
		};
/* End PBXNativeTarget section */

/* Begin PBXProject section */
		93A1EB9A211011800053726E /* Project object */ = {
			isa = PBXProject;
			attributes = {
				LastUpgradeCheck = 0940;
				ORGANIZATIONNAME = "RTC-HN156";
				TargetAttributes = {
					93A1EBA1211011800053726E = {
						CreatedOnToolsVersion = 8.3.3;
						ProvisioningStyle = Automatic;
					};
					93A1EBBD211011800053726E = {
						CreatedOnToolsVersion = 8.3.3;
						ProvisioningStyle = Automatic;
						TestTargetID = 93A1EBA1211011800053726E;
					};
					93A1EBC8211011810053726E = {
						CreatedOnToolsVersion = 8.3.3;
						ProvisioningStyle = Automatic;
						TestTargetID = 93A1EBA1211011800053726E;
					};
				};
			};
			buildConfigurationList = 93A1EB9D211011800053726E /* Build configuration list for PBXProject "RecruitMovies" */;
			compatibilityVersion = "Xcode 3.2";
			developmentRegion = English;
			hasScannedForEncodings = 0;
			knownRegions = (
				en,
				Base,
			);
			mainGroup = 93A1EB99211011800053726E;
			productRefGroup = 93A1EBA3211011800053726E /* Products */;
			projectDirPath = "";
			projectRoot = "";
			targets = (
				93A1EBA1211011800053726E /* RecruitMovies */,
				93A1EBBD211011800053726E /* RecruitMoviesTests */,
				93A1EBC8211011810053726E /* RecruitMoviesUITests */,
			);
		};
/* End PBXProject section */

/* Begin PBXResourcesBuildPhase section */
		93A1EBA0211011800053726E /* Resources */ = {
			isa = PBXResourcesBuildPhase;
			buildActionMask = 2147483647;
			files = (
				93A1EBF32110201B0053726E /* MovieCollectionViewCell.xib in Resources */,
				93A1EBB8211011800053726E /* LaunchScreen.storyboard in Resources */,
				93A1EBEE21101FF40053726E /* MovieViewCell.xib in Resources */,
				93A0D87C2111461900D97399 /* SelectedMovie.xib in Resources */,
				8422E84821132543000563AB /* FavoritesViewCell.xib in Resources */,
				93A1EBB0211011800053726E /* Main.storyboard in Resources */,
				38295F7E2111AB4D00DCEF75 /* ActorAndActressCell.xib in Resources */,
				93FD3B0721103B96005B4A03 /* Assets.xcassets in Resources */,
			);
			runOnlyForDeploymentPostprocessing = 0;
		};
		93A1EBBC211011800053726E /* Resources */ = {
			isa = PBXResourcesBuildPhase;
			buildActionMask = 2147483647;
			files = (
			);
			runOnlyForDeploymentPostprocessing = 0;
		};
		93A1EBC7211011810053726E /* Resources */ = {
			isa = PBXResourcesBuildPhase;
			buildActionMask = 2147483647;
			files = (
			);
			runOnlyForDeploymentPostprocessing = 0;
		};
/* End PBXResourcesBuildPhase section */

/* Begin PBXShellScriptBuildPhase section */
		405CE52F9BA873C34FFD8360 /* [CP] Check Pods Manifest.lock */ = {
			isa = PBXShellScriptBuildPhase;
			buildActionMask = 2147483647;
			files = (
			);
			inputPaths = (
				"${PODS_PODFILE_DIR_PATH}/Podfile.lock",
				"${PODS_ROOT}/Manifest.lock",
			);
			name = "[CP] Check Pods Manifest.lock";
			outputPaths = (
				"$(DERIVED_FILE_DIR)/Pods-RecruitMoviesUITests-checkManifestLockResult.txt",
			);
			runOnlyForDeploymentPostprocessing = 0;
			shellPath = /bin/sh;
			shellScript = "diff \"${PODS_PODFILE_DIR_PATH}/Podfile.lock\" \"${PODS_ROOT}/Manifest.lock\" > /dev/null\nif [ $? != 0 ] ; then\n    # print error to STDERR\n    echo \"error: The sandbox is not in sync with the Podfile.lock. Run 'pod install' or update your CocoaPods installation.\" >&2\n    exit 1\nfi\n# This output is used by Xcode 'outputs' to avoid re-running this script phase.\necho \"SUCCESS\" > \"${SCRIPT_OUTPUT_FILE_0}\"\n";
			showEnvVarsInLog = 0;
		};
		5E99FA3F4BF04AF7599CC982 /* [CP] Check Pods Manifest.lock */ = {
			isa = PBXShellScriptBuildPhase;
			buildActionMask = 2147483647;
			files = (
			);
			inputPaths = (
				"${PODS_PODFILE_DIR_PATH}/Podfile.lock",
				"${PODS_ROOT}/Manifest.lock",
			);
			name = "[CP] Check Pods Manifest.lock";
			outputPaths = (
				"$(DERIVED_FILE_DIR)/Pods-RecruitMovies-checkManifestLockResult.txt",
			);
			runOnlyForDeploymentPostprocessing = 0;
			shellPath = /bin/sh;
			shellScript = "diff \"${PODS_PODFILE_DIR_PATH}/Podfile.lock\" \"${PODS_ROOT}/Manifest.lock\" > /dev/null\nif [ $? != 0 ] ; then\n    # print error to STDERR\n    echo \"error: The sandbox is not in sync with the Podfile.lock. Run 'pod install' or update your CocoaPods installation.\" >&2\n    exit 1\nfi\n# This output is used by Xcode 'outputs' to avoid re-running this script phase.\necho \"SUCCESS\" > \"${SCRIPT_OUTPUT_FILE_0}\"\n";
			showEnvVarsInLog = 0;
		};
		743BF4CDFCFCE827EA469D4D /* [CP] Check Pods Manifest.lock */ = {
			isa = PBXShellScriptBuildPhase;
			buildActionMask = 2147483647;
			files = (
			);
			inputPaths = (
				"${PODS_PODFILE_DIR_PATH}/Podfile.lock",
				"${PODS_ROOT}/Manifest.lock",
			);
			name = "[CP] Check Pods Manifest.lock";
			outputPaths = (
				"$(DERIVED_FILE_DIR)/Pods-RecruitMoviesTests-checkManifestLockResult.txt",
			);
			runOnlyForDeploymentPostprocessing = 0;
			shellPath = /bin/sh;
			shellScript = "diff \"${PODS_PODFILE_DIR_PATH}/Podfile.lock\" \"${PODS_ROOT}/Manifest.lock\" > /dev/null\nif [ $? != 0 ] ; then\n    # print error to STDERR\n    echo \"error: The sandbox is not in sync with the Podfile.lock. Run 'pod install' or update your CocoaPods installation.\" >&2\n    exit 1\nfi\n# This output is used by Xcode 'outputs' to avoid re-running this script phase.\necho \"SUCCESS\" > \"${SCRIPT_OUTPUT_FILE_0}\"\n";
			showEnvVarsInLog = 0;
		};
/* End PBXShellScriptBuildPhase section */

/* Begin PBXSourcesBuildPhase section */
		93A1EB9E211011800053726E /* Sources */ = {
			isa = PBXSourcesBuildPhase;
			buildActionMask = 2147483647;
			files = (
				842155862118A2E3004CDD33 /* SettingsTableViewController.m in Sources */,
				8421558A2118B17F004CDD33 /* SearchMovieTableViewController.m in Sources */,
				93A1EBAA211011800053726E /* AppDelegate.m in Sources */,
				38295F7D2111AB4D00DCEF75 /* ActorAndActressCell.m in Sources */,
				845F328421137450000CE523 /* SWRevealViewControllerViewController.m in Sources */,
				93A1EBA7211011800053726E /* main.m in Sources */,
				845F327D21136661000CE523 /* CharacterManager.m in Sources */,
				38F37AC92112E00000F84857 /* RecruitMoviesFetcherManager.m in Sources */,
				93A1EBB3211011800053726E /* RecruitMovies.xcdatamodeld in Sources */,
				93A1EBE621101F760053726E /* AboutViewController.m in Sources */,
				93A1EBED21101FF40053726E /* MovieViewCell.m in Sources */,
				93A0D87A2111460500D97399 /* SelectedMovie.m in Sources */,
				8422E84D2113371B000563AB /* Character.m in Sources */,
				93A1EBE021101F4C0053726E /* FavoriteMoviesViewController.m in Sources */,
				38F37AC62112D84800F84857 /* Constant.m in Sources */,
				8422E84721132543000563AB /* FavoritesViewCell.m in Sources */,
				93A1EBDD21101F190053726E /* MoviesListViewController.m in Sources */,
				84FAAD7F2110CB5C003656A5 /* SelectedMovieViewController.m in Sources */,
				84BF4822211386B00079D71E /* EditProfileViewController.m in Sources */,
				844FF2EC211737F700E27636 /* CoreDataHelper.m in Sources */,
				3886D35C2112AA9300C6D5C0 /* Movie.m in Sources */,
				93A1EBF22110201B0053726E /* MovieCollectionViewCell.m in Sources */,
				845F3281211373F4000CE523 /* SlideMenuViewController.m in Sources */,
			);
			runOnlyForDeploymentPostprocessing = 0;
		};
		93A1EBBA211011800053726E /* Sources */ = {
			isa = PBXSourcesBuildPhase;
			buildActionMask = 2147483647;
			files = (
				93A1EBC3211011810053726E /* RecruitMoviesTests.m in Sources */,
			);
			runOnlyForDeploymentPostprocessing = 0;
		};
		93A1EBC5211011810053726E /* Sources */ = {
			isa = PBXSourcesBuildPhase;
			buildActionMask = 2147483647;
			files = (
				93A1EBCE211011810053726E /* RecruitMoviesUITests.m in Sources */,
			);
			runOnlyForDeploymentPostprocessing = 0;
		};
/* End PBXSourcesBuildPhase section */

/* Begin PBXTargetDependency section */
		93A1EBC0211011800053726E /* PBXTargetDependency */ = {
			isa = PBXTargetDependency;
			target = 93A1EBA1211011800053726E /* RecruitMovies */;
			targetProxy = 93A1EBBF211011800053726E /* PBXContainerItemProxy */;
		};
		93A1EBCB211011810053726E /* PBXTargetDependency */ = {
			isa = PBXTargetDependency;
			target = 93A1EBA1211011800053726E /* RecruitMovies */;
			targetProxy = 93A1EBCA211011810053726E /* PBXContainerItemProxy */;
		};
/* End PBXTargetDependency section */

/* Begin PBXVariantGroup section */
		93A1EBAE211011800053726E /* Main.storyboard */ = {
			isa = PBXVariantGroup;
			children = (
				93A1EBAF211011800053726E /* Base */,
			);
			name = Main.storyboard;
			sourceTree = "<group>";
		};
		93A1EBB6211011800053726E /* LaunchScreen.storyboard */ = {
			isa = PBXVariantGroup;
			children = (
				93A1EBB7211011800053726E /* Base */,
			);
			name = LaunchScreen.storyboard;
			sourceTree = "<group>";
		};
/* End PBXVariantGroup section */

/* Begin XCBuildConfiguration section */
		93A1EBD0211011810053726E /* Debug */ = {
			isa = XCBuildConfiguration;
			buildSettings = {
				ALWAYS_SEARCH_USER_PATHS = NO;
				CLANG_ANALYZER_NONNULL = YES;
				CLANG_ANALYZER_NUMBER_OBJECT_CONVERSION = YES_AGGRESSIVE;
				CLANG_CXX_LANGUAGE_STANDARD = "gnu++0x";
				CLANG_CXX_LIBRARY = "libc++";
				CLANG_ENABLE_MODULES = YES;
				CLANG_ENABLE_OBJC_ARC = YES;
				CLANG_WARN_BLOCK_CAPTURE_AUTORELEASING = YES;
				CLANG_WARN_BOOL_CONVERSION = YES;
				CLANG_WARN_COMMA = YES;
				CLANG_WARN_CONSTANT_CONVERSION = YES;
				CLANG_WARN_DEPRECATED_OBJC_IMPLEMENTATIONS = YES;
				CLANG_WARN_DIRECT_OBJC_ISA_USAGE = YES_ERROR;
				CLANG_WARN_DOCUMENTATION_COMMENTS = YES;
				CLANG_WARN_EMPTY_BODY = YES;
				CLANG_WARN_ENUM_CONVERSION = YES;
				CLANG_WARN_INFINITE_RECURSION = YES;
				CLANG_WARN_INT_CONVERSION = YES;
				CLANG_WARN_NON_LITERAL_NULL_CONVERSION = YES;
				CLANG_WARN_OBJC_IMPLICIT_RETAIN_SELF = YES;
				CLANG_WARN_OBJC_LITERAL_CONVERSION = YES;
				CLANG_WARN_OBJC_ROOT_CLASS = YES_ERROR;
				CLANG_WARN_RANGE_LOOP_ANALYSIS = YES;
				CLANG_WARN_STRICT_PROTOTYPES = YES;
				CLANG_WARN_SUSPICIOUS_MOVE = YES;
				CLANG_WARN_UNREACHABLE_CODE = YES;
				CLANG_WARN__DUPLICATE_METHOD_MATCH = YES;
				"CODE_SIGN_IDENTITY[sdk=iphoneos*]" = "iPhone Developer";
				COPY_PHASE_STRIP = NO;
				DEBUG_INFORMATION_FORMAT = dwarf;
				ENABLE_STRICT_OBJC_MSGSEND = YES;
				ENABLE_TESTABILITY = YES;
				GCC_C_LANGUAGE_STANDARD = gnu99;
				GCC_DYNAMIC_NO_PIC = NO;
				GCC_NO_COMMON_BLOCKS = YES;
				GCC_OPTIMIZATION_LEVEL = 0;
				GCC_PREPROCESSOR_DEFINITIONS = (
					"DEBUG=1",
					"$(inherited)",
				);
				GCC_WARN_64_TO_32_BIT_CONVERSION = YES;
				GCC_WARN_ABOUT_RETURN_TYPE = YES_ERROR;
				GCC_WARN_UNDECLARED_SELECTOR = YES;
				GCC_WARN_UNINITIALIZED_AUTOS = YES_AGGRESSIVE;
				GCC_WARN_UNUSED_FUNCTION = YES;
				GCC_WARN_UNUSED_VARIABLE = YES;
				IPHONEOS_DEPLOYMENT_TARGET = 9.3;
				MTL_ENABLE_DEBUG_INFO = YES;
				ONLY_ACTIVE_ARCH = YES;
				SDKROOT = iphoneos;
				TARGETED_DEVICE_FAMILY = "1,2";
			};
			name = Debug;
		};
		93A1EBD1211011810053726E /* Release */ = {
			isa = XCBuildConfiguration;
			buildSettings = {
				ALWAYS_SEARCH_USER_PATHS = NO;
				CLANG_ANALYZER_NONNULL = YES;
				CLANG_ANALYZER_NUMBER_OBJECT_CONVERSION = YES_AGGRESSIVE;
				CLANG_CXX_LANGUAGE_STANDARD = "gnu++0x";
				CLANG_CXX_LIBRARY = "libc++";
				CLANG_ENABLE_MODULES = YES;
				CLANG_ENABLE_OBJC_ARC = YES;
				CLANG_WARN_BLOCK_CAPTURE_AUTORELEASING = YES;
				CLANG_WARN_BOOL_CONVERSION = YES;
				CLANG_WARN_COMMA = YES;
				CLANG_WARN_CONSTANT_CONVERSION = YES;
				CLANG_WARN_DEPRECATED_OBJC_IMPLEMENTATIONS = YES;
				CLANG_WARN_DIRECT_OBJC_ISA_USAGE = YES_ERROR;
				CLANG_WARN_DOCUMENTATION_COMMENTS = YES;
				CLANG_WARN_EMPTY_BODY = YES;
				CLANG_WARN_ENUM_CONVERSION = YES;
				CLANG_WARN_INFINITE_RECURSION = YES;
				CLANG_WARN_INT_CONVERSION = YES;
				CLANG_WARN_NON_LITERAL_NULL_CONVERSION = YES;
				CLANG_WARN_OBJC_IMPLICIT_RETAIN_SELF = YES;
				CLANG_WARN_OBJC_LITERAL_CONVERSION = YES;
				CLANG_WARN_OBJC_ROOT_CLASS = YES_ERROR;
				CLANG_WARN_RANGE_LOOP_ANALYSIS = YES;
				CLANG_WARN_STRICT_PROTOTYPES = YES;
				CLANG_WARN_SUSPICIOUS_MOVE = YES;
				CLANG_WARN_UNREACHABLE_CODE = YES;
				CLANG_WARN__DUPLICATE_METHOD_MATCH = YES;
				"CODE_SIGN_IDENTITY[sdk=iphoneos*]" = "iPhone Developer";
				COPY_PHASE_STRIP = NO;
				DEBUG_INFORMATION_FORMAT = "dwarf-with-dsym";
				ENABLE_NS_ASSERTIONS = NO;
				ENABLE_STRICT_OBJC_MSGSEND = YES;
				GCC_C_LANGUAGE_STANDARD = gnu99;
				GCC_NO_COMMON_BLOCKS = YES;
				GCC_WARN_64_TO_32_BIT_CONVERSION = YES;
				GCC_WARN_ABOUT_RETURN_TYPE = YES_ERROR;
				GCC_WARN_UNDECLARED_SELECTOR = YES;
				GCC_WARN_UNINITIALIZED_AUTOS = YES_AGGRESSIVE;
				GCC_WARN_UNUSED_FUNCTION = YES;
				GCC_WARN_UNUSED_VARIABLE = YES;
				IPHONEOS_DEPLOYMENT_TARGET = 9.3;
				MTL_ENABLE_DEBUG_INFO = NO;
				SDKROOT = iphoneos;
				TARGETED_DEVICE_FAMILY = "1,2";
				VALIDATE_PRODUCT = YES;
			};
			name = Release;
		};
		93A1EBD3211011810053726E /* Debug */ = {
			isa = XCBuildConfiguration;
			baseConfigurationReference = 7754CFA883388B78AAE42D30 /* Pods-RecruitMovies.debug.xcconfig */;
			buildSettings = {
				ASSETCATALOG_COMPILER_APPICON_NAME = AppIcon;
				INFOPLIST_FILE = RecruitMovies/Info.plist;
				LD_RUNPATH_SEARCH_PATHS = "$(inherited) @executable_path/Frameworks";
				PRODUCT_BUNDLE_IDENTIFIER = RTCHN156.RecruitMovies;
				PRODUCT_NAME = "$(TARGET_NAME)";
			};
			name = Debug;
		};
		93A1EBD4211011810053726E /* Release */ = {
			isa = XCBuildConfiguration;
			baseConfigurationReference = 8D6DDD89A2246508923C9C3D /* Pods-RecruitMovies.release.xcconfig */;
			buildSettings = {
				ASSETCATALOG_COMPILER_APPICON_NAME = AppIcon;
				INFOPLIST_FILE = RecruitMovies/Info.plist;
				LD_RUNPATH_SEARCH_PATHS = "$(inherited) @executable_path/Frameworks";
				PRODUCT_BUNDLE_IDENTIFIER = RTCHN156.RecruitMovies;
				PRODUCT_NAME = "$(TARGET_NAME)";
			};
			name = Release;
		};
		93A1EBD6211011810053726E /* Debug */ = {
			isa = XCBuildConfiguration;
			baseConfigurationReference = D55A602E1AB246BA75EAED2E /* Pods-RecruitMoviesTests.debug.xcconfig */;
			buildSettings = {
				BUNDLE_LOADER = "$(TEST_HOST)";
				INFOPLIST_FILE = RecruitMoviesTests/Info.plist;
				LD_RUNPATH_SEARCH_PATHS = "$(inherited) @executable_path/Frameworks @loader_path/Frameworks";
				PRODUCT_BUNDLE_IDENTIFIER = RTCHN156.RecruitMoviesTests;
				PRODUCT_NAME = "$(TARGET_NAME)";
				TEST_HOST = "$(BUILT_PRODUCTS_DIR)/RecruitMovies.app/RecruitMovies";
			};
			name = Debug;
		};
		93A1EBD7211011810053726E /* Release */ = {
			isa = XCBuildConfiguration;
			baseConfigurationReference = C9748C2DF18967E0AA42FB6F /* Pods-RecruitMoviesTests.release.xcconfig */;
			buildSettings = {
				BUNDLE_LOADER = "$(TEST_HOST)";
				INFOPLIST_FILE = RecruitMoviesTests/Info.plist;
				LD_RUNPATH_SEARCH_PATHS = "$(inherited) @executable_path/Frameworks @loader_path/Frameworks";
				PRODUCT_BUNDLE_IDENTIFIER = RTCHN156.RecruitMoviesTests;
				PRODUCT_NAME = "$(TARGET_NAME)";
				TEST_HOST = "$(BUILT_PRODUCTS_DIR)/RecruitMovies.app/RecruitMovies";
			};
			name = Release;
		};
		93A1EBD9211011810053726E /* Debug */ = {
			isa = XCBuildConfiguration;
			baseConfigurationReference = 783D7B9FE947F2090C658F8D /* Pods-RecruitMoviesUITests.debug.xcconfig */;
			buildSettings = {
				INFOPLIST_FILE = RecruitMoviesUITests/Info.plist;
				LD_RUNPATH_SEARCH_PATHS = "$(inherited) @executable_path/Frameworks @loader_path/Frameworks";
				PRODUCT_BUNDLE_IDENTIFIER = RTCHN156.RecruitMoviesUITests;
				PRODUCT_NAME = "$(TARGET_NAME)";
				TEST_TARGET_NAME = RecruitMovies;
			};
			name = Debug;
		};
		93A1EBDA211011810053726E /* Release */ = {
			isa = XCBuildConfiguration;
			baseConfigurationReference = ACED5F67B5B48F59435DC72F /* Pods-RecruitMoviesUITests.release.xcconfig */;
			buildSettings = {
				INFOPLIST_FILE = RecruitMoviesUITests/Info.plist;
				LD_RUNPATH_SEARCH_PATHS = "$(inherited) @executable_path/Frameworks @loader_path/Frameworks";
				PRODUCT_BUNDLE_IDENTIFIER = RTCHN156.RecruitMoviesUITests;
				PRODUCT_NAME = "$(TARGET_NAME)";
				TEST_TARGET_NAME = RecruitMovies;
			};
			name = Release;
		};
/* End XCBuildConfiguration section */

/* Begin XCConfigurationList section */
		93A1EB9D211011800053726E /* Build configuration list for PBXProject "RecruitMovies" */ = {
			isa = XCConfigurationList;
			buildConfigurations = (
				93A1EBD0211011810053726E /* Debug */,
				93A1EBD1211011810053726E /* Release */,
			);
			defaultConfigurationIsVisible = 0;
			defaultConfigurationName = Release;
		};
		93A1EBD2211011810053726E /* Build configuration list for PBXNativeTarget "RecruitMovies" */ = {
			isa = XCConfigurationList;
			buildConfigurations = (
				93A1EBD3211011810053726E /* Debug */,
				93A1EBD4211011810053726E /* Release */,
			);
			defaultConfigurationIsVisible = 0;
			defaultConfigurationName = Release;
		};
		93A1EBD5211011810053726E /* Build configuration list for PBXNativeTarget "RecruitMoviesTests" */ = {
			isa = XCConfigurationList;
			buildConfigurations = (
				93A1EBD6211011810053726E /* Debug */,
				93A1EBD7211011810053726E /* Release */,
			);
			defaultConfigurationIsVisible = 0;
			defaultConfigurationName = Release;
		};
		93A1EBD8211011810053726E /* Build configuration list for PBXNativeTarget "RecruitMoviesUITests" */ = {
			isa = XCConfigurationList;
			buildConfigurations = (
				93A1EBD9211011810053726E /* Debug */,
				93A1EBDA211011810053726E /* Release */,
			);
			defaultConfigurationIsVisible = 0;
			defaultConfigurationName = Release;
		};
/* End XCConfigurationList section */

/* Begin XCVersionGroup section */
		93A1EBB1211011800053726E /* RecruitMovies.xcdatamodeld */ = {
			isa = XCVersionGroup;
			children = (
				93A1EBB2211011800053726E /* RecruitMovies.xcdatamodel */,
			);
			currentVersion = 93A1EBB2211011800053726E /* RecruitMovies.xcdatamodel */;
			path = RecruitMovies.xcdatamodeld;
			sourceTree = "<group>";
			versionGroupType = wrapper.xcdatamodel;
		};
/* End XCVersionGroup section */
	};
	rootObject = 93A1EB9A211011800053726E /* Project object */;
}
